{
  "name": "shai-hulud-confirmed-inert-fixture",
  "version": "1.0.0",
  "lockfileVersion": 3,
  "requires": true,
  "packages": {
    "": {
      "name": "shai-hulud-confirmed-inert-fixture",
      "version": "1.0.0",
      "dependencies": {"cache-manager": "7.2.10"}
    },
    "node_modules/cache-manager": {"version": "7.2.10"}
  }
}
